
Microsoft Visual Studio Solution File, Format Version 12.00
# Visual Studio 2013
VisualStudioVersion = 12.0.21005.1
MinimumVisualStudioVersion = 10.0.40219.1
Project("{F088123C-0E9E-452A-89E6-6BA2F21D5CAC}") = "SequenceDiagram", "SequenceDiagram\SequenceDiagram.modelproj", "{08F96AE1-171A-436C-BDC1-2F378E2BC2D5}"
EndProject
Global
	GlobalSection(SolutionConfigurationPlatforms) = preSolution
		Debug|Any CPU = Debug|Any CPU
		Release|Any CPU = Release|Any CPU
	EndGlobalSection
	GlobalSection(ProjectConfigurationPlatforms) = postSolution
		{08F96AE1-171A-436C-BDC1-2F378E2BC2D5}.Debug|Any CPU.ActiveCfg = Debug|Any CPU
		{08F96AE1-171A-436C-BDC1-2F378E2BC2D5}.Debug|Any CPU.Build.0 = Debug|Any CPU
		{08F96AE1-171A-436C-BDC1-2F378E2BC2D5}.Release|Any CPU.ActiveCfg = Release|Any CPU
		{08F96AE1-171A-436C-BDC1-2F378E2BC2D5}.Release|Any CPU.Build.0 = Release|Any CPU
	EndGlobalSection
	GlobalSection(SolutionProperties) = preSolution
		HideSolutionNode = FALSE
	EndGlobalSection
EndGlobal
